// !$*UTF8*$!
{
	archiveVersion = 1;
	classes = {
	};
	objectVersion = 56;
	objects = {

/* Begin PBXBuildFile section */
		9B0E46BD2B7C7AC500C5A9A5 /* TextMod.swift in Sources */ = {isa = PBXBuildFile; fileRef = 9B0E46BC2B7C7AC500C5A9A5 /* TextMod.swift */; };
		9B1BF5F82B7BF31E001D3E63 /* test01App.swift in Sources */ = {isa = PBXBuildFile; fileRef = 9B1BF5F72B7BF31E001D3E63 /* test01App.swift */; };
		9B1BF5FA2B7BF31E001D3E63 /* ContentView.swift in Sources */ = {isa = PBXBuildFile; fileRef = 9B1BF5F92B7BF31E001D3E63 /* ContentView.swift */; };
		9B1BF5FC2B7BF31F001D3E63 /* Assets.xcassets in Resources */ = {isa = PBXBuildFile; fileRef = 9B1BF5FB2B7BF31F001D3E63 /* Assets.xcassets */; };
		9B1BF5FF2B7BF31F001D3E63 /* Preview Assets.xcassets in Resources */ = {isa = PBXBuildFile; fileRef = 9B1BF5FE2B7BF31F001D3E63 /* Preview Assets.xcassets */; };
		9B7DD4A22B8143E50024090F /* ZStackpadding.swift in Sources */ = {isa = PBXBuildFile; fileRef = 9B7DD4A12B8143E50024090F /* ZStackpadding.swift */; };
		9BAF4D0E2B7D349B00096947 /* Buttons.swift in Sources */ = {isa = PBXBuildFile; fileRef = 9BAF4D0D2B7D349B00096947 /* Buttons.swift */; };
		9BAF4D102B7D3A9300096947 /* Images.swift in Sources */ = {isa = PBXBuildFile; fileRef = 9BAF4D0F2B7D3A9300096947 /* Images.swift */; };
		9BAF4D122B7D484E00096947 /* TextFields.swift in Sources */ = {isa = PBXBuildFile; fileRef = 9BAF4D112B7D484E00096947 /* TextFields.swift */; };
		9BAF4D142B7D916B00096947 /* Dividers.swift in Sources */ = {isa = PBXBuildFile; fileRef = 9BAF4D132B7D916B00096947 /* Dividers.swift */; };
		9BAF4D162B7D93F200096947 /* HStackVStackSpacer.swift in Sources */ = {isa = PBXBuildFile; fileRef = 9BAF4D152B7D93F200096947 /* HStackVStackSpacer.swift */; };
/* End PBXBuildFile section */

/* Begin PBXFileReference section */
		9B0E46B62B7BF67D00C5A9A5 /* variablesConstantes.playground */ = {isa = PBXFileReference; lastKnownFileType = file.playground; path = variablesConstantes.playground; sourceTree = "<group>"; xcLanguageSpecificationIdentifier = xcode.lang.swift; };
		9B0E46B82B7BFF6200C5A9A5 /* Functions.playground */ = {isa = PBXFileReference; lastKnownFileType = file.playground; path = Functions.playground; sourceTree = "<group>"; xcLanguageSpecificationIdentifier = xcode.lang.swift; };
		9B0E46B92B7C4CAF00C5A9A5 /* structs.playground */ = {isa = PBXFileReference; lastKnownFileType = file.playground; path = structs.playground; sourceTree = "<group>"; xcLanguageSpecificationIdentifier = xcode.lang.swift; };
		9B0E46BC2B7C7AC500C5A9A5 /* TextMod.swift */ = {isa = PBXFileReference; lastKnownFileType = sourcecode.swift; path = TextMod.swift; sourceTree = "<group>"; };
		9B1BF5F42B7BF31E001D3E63 /* test01.app */ = {isa = PBXFileReference; explicitFileType = wrapper.application; includeInIndex = 0; path = test01.app; sourceTree = BUILT_PRODUCTS_DIR; };
		9B1BF5F72B7BF31E001D3E63 /* test01App.swift */ = {isa = PBXFileReference; lastKnownFileType = sourcecode.swift; path = test01App.swift; sourceTree = "<group>"; };
		9B1BF5F92B7BF31E001D3E63 /* ContentView.swift */ = {isa = PBXFileReference; lastKnownFileType = sourcecode.swift; path = ContentView.swift; sourceTree = "<group>"; };
		9B1BF5FB2B7BF31F001D3E63 /* Assets.xcassets */ = {isa = PBXFileReference; lastKnownFileType = folder.assetcatalog; path = Assets.xcassets; sourceTree = "<group>"; };
		9B1BF5FE2B7BF31F001D3E63 /* Preview Assets.xcassets */ = {isa = PBXFileReference; lastKnownFileType = folder.assetcatalog; path = "Preview Assets.xcassets"; sourceTree = "<group>"; };
		9B7DD4A12B8143E50024090F /* ZStackpadding.swift */ = {isa = PBXFileReference; lastKnownFileType = sourcecode.swift; path = ZStackpadding.swift; sourceTree = "<group>"; };
		9BAF4D0D2B7D349B00096947 /* Buttons.swift */ = {isa = PBXFileReference; lastKnownFileType = sourcecode.swift; path = Buttons.swift; sourceTree = "<group>"; };
		9BAF4D0F2B7D3A9300096947 /* Images.swift */ = {isa = PBXFileReference; lastKnownFileType = sourcecode.swift; path = Images.swift; sourceTree = "<group>"; };
		9BAF4D112B7D484E00096947 /* TextFields.swift */ = {isa = PBXFileReference; lastKnownFileType = sourcecode.swift; path = TextFields.swift; sourceTree = "<group>"; };
		9BAF4D132B7D916B00096947 /* Dividers.swift */ = {isa = PBXFileReference; lastKnownFileType = sourcecode.swift; path = Dividers.swift; sourceTree = "<group>"; };
		9BAF4D152B7D93F200096947 /* HStackVStackSpacer.swift */ = {isa = PBXFileReference; lastKnownFileType = sourcecode.swift; path = HStackVStackSpacer.swift; sourceTree = "<group>"; };
/* End PBXFileReference section */

/* Begin PBXFrameworksBuildPhase section */
		9B1BF5F12B7BF31E001D3E63 /* Frameworks */ = {
			isa = PBXFrameworksBuildPhase;
			buildActionMask = 2147483647;
			files = (
			);
			runOnlyForDeploymentPostprocessing = 0;
		};
/* End PBXFrameworksBuildPhase section */

/* Begin PBXGroup section */
		9B0E46B72B7BFF4200C5A9A5 /* Playgrounds */ = {
			isa = PBXGroup;
			children = (
				9B0E46B62B7BF67D00C5A9A5 /* variablesConstantes.playground */,
				9B0E46B82B7BFF6200C5A9A5 /* Functions.playground */,
				9B0E46B92B7C4CAF00C5A9A5 /* structs.playground */,
			);
			path = Playgrounds;
			sourceTree = "<group>";
		};
		9B1BF5EB2B7BF31E001D3E63 = {
			isa = PBXGroup;
			children = (
				9B1BF5F62B7BF31E001D3E63 /* test01 */,
				9B1BF5F52B7BF31E001D3E63 /* Products */,
			);
			sourceTree = "<group>";
		};
		9B1BF5F52B7BF31E001D3E63 /* Products */ = {
			isa = PBXGroup;
			children = (
				9B1BF5F42B7BF31E001D3E63 /* test01.app */,
			);
			name = Products;
			sourceTree = "<group>";
		};
		9B1BF5F62B7BF31E001D3E63 /* test01 */ = {
			isa = PBXGroup;
			children = (
				9B0E46B72B7BFF4200C5A9A5 /* Playgrounds */,
				9B1BF5F72B7BF31E001D3E63 /* test01App.swift */,
				9B1BF5F92B7BF31E001D3E63 /* ContentView.swift */,
				9B0E46BC2B7C7AC500C5A9A5 /* TextMod.swift */,
				9BAF4D0D2B7D349B00096947 /* Buttons.swift */,
				9BAF4D0F2B7D3A9300096947 /* Images.swift */,
				9BAF4D112B7D484E00096947 /* TextFields.swift */,
				9BAF4D132B7D916B00096947 /* Dividers.swift */,
				9BAF4D152B7D93F200096947 /* HStackVStackSpacer.swift */,
				9B7DD4A12B8143E50024090F /* ZStackpadding.swift */,
				9B1BF5FB2B7BF31F001D3E63 /* Assets.xcassets */,
				9B1BF5FD2B7BF31F001D3E63 /* Preview Content */,
			);
			path = test01;
			sourceTree = "<group>";
		};
		9B1BF5FD2B7BF31F001D3E63 /* Preview Content */ = {
			isa = PBXGroup;
			children = (
				9B1BF5FE2B7BF31F001D3E63 /* Preview Assets.xcassets */,
			);
			path = "Preview Content";
			sourceTree = "<group>";
		};
/* End PBXGroup section */

/* Begin PBXNativeTarget section */
		9B1BF5F32B7BF31E001D3E63 /* test01 */ = {
			isa = PBXNativeTarget;
			buildConfigurationList = 9B1BF6022B7BF31F001D3E63 /* Build configuration list for PBXNativeTarget "test01" */;
			buildPhases = (
				9B1BF5F02B7BF31E001D3E63 /* Sources */,
				9B1BF5F12B7BF31E001D3E63 /* Frameworks */,
				9B1BF5F22B7BF31E001D3E63 /* Resources */,
			);
			buildRules = (
			);
			dependencies = (
			);
			name = test01;
			productName = test01;
			productReference = 9B1BF5F42B7BF31E001D3E63 /* test01.app */;
			productType = "com.apple.product-type.application";
		};
/* End PBXNativeTarget section */

/* Begin PBXProject section */
		9B1BF5EC2B7BF31E001D3E63 /* Project object */ = {
			isa = PBXProject;
			attributes = {
				BuildIndependentTargetsInParallel = 1;
				LastSwiftUpdateCheck = 1520;
				LastUpgradeCheck = 1520;
				TargetAttributes = {
					9B1BF5F32B7BF31E001D3E63 = {
						CreatedOnToolsVersion = 15.2;
					};
				};
			};
			buildConfigurationList = 9B1BF5EF2B7BF31E001D3E63 /* Build configuration list for PBXProject "test01" */;
			compatibilityVersion = "Xcode 14.0";
			developmentRegion = en;
			hasScannedForEncodings = 0;
			knownRegions = (
				en,
				Base,
			);
			mainGroup = 9B1BF5EB2B7BF31E001D3E63;
			productRefGroup = 9B1BF5F52B7BF31E001D3E63 /* Products */;
			projectDirPath = "";
			projectRoot = "";
			targets = (
				9B1BF5F32B7BF31E001D3E63 /* test01 */,
			);
		};
/* End PBXProject section */

/* Begin PBXResourcesBuildPhase section */
		9B1BF5F22B7BF31E001D3E63 /* Resources */ = {
			isa = PBXResourcesBuildPhase;
			buildActionMask = 2147483647;
			files = (
				9B1BF5FF2B7BF31F001D3E63 /* Preview Assets.xcassets in Resources */,
				9B1BF5FC2B7BF31F001D3E63 /* Assets.xcassets in Resources */,
			);
			runOnlyForDeploymentPostprocessing = 0;
		};
/* End PBXResourcesBuildPhase section */

/* Begin PBXSourcesBuildPhase section */
		9B1BF5F02B7BF31E001D3E63 /* Sources */ = {
			isa = PBXSourcesBuildPhase;
			buildActionMask = 2147483647;
			files = (
				9B1BF5FA2B7BF31E001D3E63 /* ContentView.swift in Sources */,
				9BAF4D142B7D916B00096947 /* Dividers.swift in Sources */,
				9B1BF5F82B7BF31E001D3E63 /* test01App.swift in Sources */,
				9BAF4D162B7D93F200096947 /* HStackVStackSpacer.swift in Sources */,
				9B7DD4A22B8143E50024090F /* ZStackpadding.swift in Sources */,
				9BAF4D102B7D3A9300096947 /* Images.swift in Sources */,
				9B0E46BD2B7C7AC500C5A9A5 /* TextMod.swift in Sources */,
				9BAF4D0E2B7D349B00096947 /* Buttons.swift in Sources */,
				9BAF4D122B7D484E00096947 /* TextFields.swift in Sources */,
			);
			runOnlyForDeploymentPostprocessing = 0;
		};
/* End PBXSourcesBuildPhase section */

/* Begin XCBuildConfiguration section */
		9B1BF6002B7BF31F001D3E63 /* Debug */ = {
			isa = XCBuildConfiguration;
			buildSettings = {
				ALWAYS_SEARCH_USER_PATHS = NO;
				ASSETCATALOG_COMPILER_GENERATE_SWIFT_ASSET_SYMBOL_EXTENSIONS = YES;
				CLANG_ANALYZER_NONNULL = YES;
				CLANG_ANALYZER_NUMBER_OBJECT_CONVERSION = YES_AGGRESSIVE;
				CLANG_CXX_LANGUAGE_STANDARD = "gnu++20";
				CLANG_ENABLE_MODULES = YES;
				CLANG_ENABLE_OBJC_ARC = YES;
				CLANG_ENABLE_OBJC_WEAK = YES;
				CLANG_WARN_BLOCK_CAPTURE_AUTORELEASING = YES;
				CLANG_WARN_BOOL_CONVERSION = YES;
				CLANG_WARN_COMMA = YES;
				CLANG_WARN_CONSTANT_CONVERSION = YES;
				CLANG_WARN_DEPRECATED_OBJC_IMPLEMENTATIONS = YES;
				CLANG_WARN_DIRECT_OBJC_ISA_USAGE = YES_ERROR;
				CLANG_WARN_DOCUMENTATION_COMMENTS = YES;
				CLANG_WARN_EMPTY_BODY = YES;
				CLANG_WARN_ENUM_CONVERSION = YES;
				CLANG_WARN_INFINITE_RECURSION = YES;
				CLANG_WARN_INT_CONVERSION = YES;
				CLANG_WARN_NON_LITERAL_NULL_CONVERSION = YES;
				CLANG_WARN_OBJC_IMPLICIT_RETAIN_SELF = YES;
				CLANG_WARN_OBJC_LITERAL_CONVERSION = YES;
				CLANG_WARN_OBJC_ROOT_CLASS = YES_ERROR;
				CLANG_WARN_QUOTED_INCLUDE_IN_FRAMEWORK_HEADER = YES;
				CLANG_WARN_RANGE_LOOP_ANALYSIS = YES;
				CLANG_WARN_STRICT_PROTOTYPES = YES;
				CLANG_WARN_SUSPICIOUS_MOVE = YES;
				CLANG_WARN_UNGUARDED_AVAILABILITY = YES_AGGRESSIVE;
				CLANG_WARN_UNREACHABLE_CODE = YES;
				CLANG_WARN__DUPLICATE_METHOD_MATCH = YES;
				COPY_PHASE_STRIP = NO;
				DEBUG_INFORMATION_FORMAT = dwarf;
				ENABLE_STRICT_OBJC_MSGSEND = YES;
				ENABLE_TESTABILITY = YES;
				ENABLE_USER_SCRIPT_SANDBOXING = YES;
				GCC_C_LANGUAGE_STANDARD = gnu17;
				GCC_DYNAMIC_NO_PIC = NO;
				GCC_NO_COMMON_BLOCKS = YES;
				GCC_OPTIMIZATION_LEVEL = 0;
				GCC_PREPROCESSOR_DEFINITIONS = (
					"DEBUG=1",
					"$(inherited)",
				);
				GCC_WARN_64_TO_32_BIT_CONVERSION = YES;
				GCC_WARN_ABOUT_RETURN_TYPE = YES_ERROR;
				GCC_WARN_UNDECLARED_SELECTOR = YES;
				GCC_WARN_UNINITIALIZED_AUTOS = YES_AGGRESSIVE;
				GCC_WARN_UNUSED_FUNCTION = YES;
				GCC_WARN_UNUSED_VARIABLE = YES;
				IPHONEOS_DEPLOYMENT_TARGET = 17.2;
				LOCALIZATION_PREFERS_STRING_CATALOGS = YES;
				MTL_ENABLE_DEBUG_INFO = INCLUDE_SOURCE;
				MTL_FAST_MATH = YES;
				ONLY_ACTIVE_ARCH = YES;
				SDKROOT = iphoneos;
				SWIFT_ACTIVE_COMPILATION_CONDITIONS = "DEBUG $(inherited)";
				SWIFT_OPTIMIZATION_LEVEL = "-Onone";
			};
			name = Debug;
		};
		9B1BF6012B7BF31F001D3E63 /* Release */ = {
			isa = XCBuildConfiguration;
			buildSettings = {
				ALWAYS_SEARCH_USER_PATHS = NO;
				ASSETCATALOG_COMPILER_GENERATE_SWIFT_ASSET_SYMBOL_EXTENSIONS = YES;
				CLANG_ANALYZER_NONNULL = YES;
				CLANG_ANALYZER_NUMBER_OBJECT_CONVERSION = YES_AGGRESSIVE;
				CLANG_CXX_LANGUAGE_STANDARD = "gnu++20";
				CLANG_ENABLE_MODULES = YES;
				CLANG_ENABLE_OBJC_ARC = YES;
				CLANG_ENABLE_OBJC_WEAK = YES;
				CLANG_WARN_BLOCK_CAPTURE_AUTORELEASING = YES;
				CLANG_WARN_BOOL_CONVERSION = YES;
				CLANG_WARN_COMMA = YES;
				CLANG_WARN_CONSTANT_CONVERSION = YES;
				CLANG_WARN_DEPRECATED_OBJC_IMPLEMENTATIONS = YES;
				CLANG_WARN_DIRECT_OBJC_ISA_USAGE = YES_ERROR;
				CLANG_WARN_DOCUMENTATION_COMMENTS = YES;
				CLANG_WARN_EMPTY_BODY = YES;
				CLANG_WARN_ENUM_CONVERSION = YES;
				CLANG_WARN_INFINITE_RECURSION = YES;
				CLANG_WARN_INT_CONVERSION = YES;
				CLANG_WARN_NON_LITERAL_NULL_CONVERSION = YES;
				CLANG_WARN_OBJC_IMPLICIT_RETAIN_SELF = YES;
				CLANG_WARN_OBJC_LITERAL_CONVERSION = YES;
				CLANG_WARN_OBJC_ROOT_CLASS = YES_ERROR;
				CLANG_WARN_QUOTED_INCLUDE_IN_FRAMEWORK_HEADER = YES;
				CLANG_WARN_RANGE_LOOP_ANALYSIS = YES;
				CLANG_WARN_STRICT_PROTOTYPES = YES;
				CLANG_WARN_SUSPICIOUS_MOVE = YES;
				CLANG_WARN_UNGUARDED_AVAILABILITY = YES_AGGRESSIVE;
				CLANG_WARN_UNREACHABLE_CODE = YES;
				CLANG_WARN__DUPLICATE_METHOD_MATCH = YES;
				COPY_PHASE_STRIP = NO;
				DEBUG_INFORMATION_FORMAT = "dwarf-with-dsym";
				ENABLE_NS_ASSERTIONS = NO;
				ENABLE_STRICT_OBJC_MSGSEND = YES;
				ENABLE_USER_SCRIPT_SANDBOXING = YES;
				GCC_C_LANGUAGE_STANDARD = gnu17;
				GCC_NO_COMMON_BLOCKS = YES;
				GCC_WARN_64_TO_32_BIT_CONVERSION = YES;
				GCC_WARN_ABOUT_RETURN_TYPE = YES_ERROR;
				GCC_WARN_UNDECLARED_SELECTOR = YES;
				GCC_WARN_UNINITIALIZED_AUTOS = YES_AGGRESSIVE;
				GCC_WARN_UNUSED_FUNCTION = YES;
				GCC_WARN_UNUSED_VARIABLE = YES;
				IPHONEOS_DEPLOYMENT_TARGET = 17.2;
				LOCALIZATION_PREFERS_STRING_CATALOGS = YES;
				MTL_ENABLE_DEBUG_INFO = NO;
				MTL_FAST_MATH = YES;
				SDKROOT = iphoneos;
				SWIFT_COMPILATION_MODE = wholemodule;
				VALIDATE_PRODUCT = YES;
			};
			name = Release;
		};
		9B1BF6032B7BF31F001D3E63 /* Debug */ = {
			isa = XCBuildConfiguration;
			buildSettings = {
				ASSETCATALOG_COMPILER_APPICON_NAME = AppIcon;
				ASSETCATALOG_COMPILER_GLOBAL_ACCENT_COLOR_NAME = AccentColor;
				CODE_SIGN_STYLE = Automatic;
				CURRENT_PROJECT_VERSION = 1;
				DEVELOPMENT_ASSET_PATHS = "\"test01/Preview Content\"";
				DEVELOPMENT_TEAM = "";
				ENABLE_PREVIEWS = YES;
				GENERATE_INFOPLIST_FILE = YES;
				INFOPLIST_KEY_UIApplicationSceneManifest_Generation = YES;
				INFOPLIST_KEY_UIApplicationSupportsIndirectInputEvents = YES;
				INFOPLIST_KEY_UILaunchScreen_Generation = YES;
				INFOPLIST_KEY_UISupportedInterfaceOrientations_iPad = "UIInterfaceOrientationPortrait UIInterfaceOrientationPortraitUpsideDown UIInterfaceOrientationLandscapeLeft UIInterfaceOrientationLandscapeRight";
				INFOPLIST_KEY_UISupportedInterfaceOrientations_iPhone = "UIInterfaceOrientationPortrait UIInterfaceOrientationLandscapeLeft UIInterfaceOrientationLandscapeRight";
				LD_RUNPATH_SEARCH_PATHS = (
					"$(inherited)",
					"@executable_path/Frameworks",
				);
				MARKETING_VERSION = 1.0;
				PRODUCT_BUNDLE_IDENTIFIER = com.richlira.test01;
				PRODUCT_NAME = "$(TARGET_NAME)";
				SWIFT_EMIT_LOC_STRINGS = YES;
				SWIFT_VERSION = 5.0;
				TARGETED_DEVICE_FAMILY = "1,2";
			};
			name = Debug;
		};
		9B1BF6042B7BF31F001D3E63 /* Release */ = {
			isa = XCBuildConfiguration;
			buildSettings = {
				ASSETCATALOG_COMPILER_APPICON_NAME = AppIcon;
				ASSETCATALOG_COMPILER_GLOBAL_ACCENT_COLOR_NAME = AccentColor;
				CODE_SIGN_STYLE = Automatic;
				CURRENT_PROJECT_VERSION = 1;
				DEVELOPMENT_ASSET_PATHS = "\"test01/Preview Content\"";
				DEVELOPMENT_TEAM = "";
				ENABLE_PREVIEWS = YES;
				GENERATE_INFOPLIST_FILE = YES;
				INFOPLIST_KEY_UIApplicationSceneManifest_Generation = YES;
				INFOPLIST_KEY_UIApplicationSupportsIndirectInputEvents = YES;
				INFOPLIST_KEY_UILaunchScreen_Generation = YES;
				INFOPLIST_KEY_UISupportedInterfaceOrientations_iPad = "UIInterfaceOrientationPortrait UIInterfaceOrientationPortraitUpsideDown UIInterfaceOrientationLandscapeLeft UIInterfaceOrientationLandscapeRight";
				INFOPLIST_KEY_UISupportedInterfaceOrientations_iPhone = "UIInterfaceOrientationPortrait UIInterfaceOrientationLandscapeLeft UIInterfaceOrientationLandscapeRight";
				LD_RUNPATH_SEARCH_PATHS = (
					"$(inherited)",
					"@executable_path/Frameworks",
				);
				MARKETING_VERSION = 1.0;
				PRODUCT_BUNDLE_IDENTIFIER = com.richlira.test01;
				PRODUCT_NAME = "$(TARGET_NAME)";
				SWIFT_EMIT_LOC_STRINGS = YES;
				SWIFT_VERSION = 5.0;
				TARGETED_DEVICE_FAMILY = "1,2";
			};
			name = Release;
		};
/* End XCBuildConfiguration section */

/* Begin XCConfigurationList section */
		9B1BF5EF2B7BF31E001D3E63 /* Build configuration list for PBXProject "test01" */ = {
			isa = XCConfigurationList;
			buildConfigurations = (
				9B1BF6002B7BF31F001D3E63 /* Debug */,
				9B1BF6012B7BF31F001D3E63 /* Release */,
			);
			defaultConfigurationIsVisible = 0;
			defaultConfigurationName = Release;
		};
		9B1BF6022B7BF31F001D3E63 /* Build configuration list for PBXNativeTarget "test01" */ = {
			isa = XCConfigurationList;
			buildConfigurations = (
				9B1BF6032B7BF31F001D3E63 /* Debug */,
				9B1BF6042B7BF31F001D3E63 /* Release */,
			);
			defaultConfigurationIsVisible = 0;
			defaultConfigurationName = Release;
		};
/* End XCConfigurationList section */
	};
	rootObject = 9B1BF5EC2B7BF31E001D3E63 /* Project object */;
}
